
Microsoft Visual Studio Solution File, Format Version 12.00
# Visual Studio 15
VisualStudioVersion = 15.0.28307.136
MinimumVisualStudioVersion = 10.0.40219.1
Project("{FAE04EC0-301F-11D3-BF4B-00C04F79EFBC}") = "WebUntisTest", "WebUntisTest\WebUntisTest.csproj", "{4D64CDA6-6B5A-4D43-BB8A-41298E177B9C}"
EndProject
Project("{FAE04EC0-301F-11D3-BF4B-00C04F79EFBC}") = "WebUntisSharp", "WebUntisSharp\WebUntisSharp.csproj", "{FB9FD982-CCDE-4134-A4D4-4AA6EEF5ED85}"
EndProject
Global
	GlobalSection(SolutionConfigurationPlatforms) = preSolution
		Debug|Any CPU = Debug|Any CPU
		Release|Any CPU = Release|Any CPU
	EndGlobalSection
	GlobalSection(ProjectConfigurationPlatforms) = postSolution
		{4D64CDA6-6B5A-4D43-BB8A-41298E177B9C}.Debug|Any CPU.ActiveCfg = Debug|Any CPU
		{4D64CDA6-6B5A-4D43-BB8A-41298E177B9C}.Debug|Any CPU.Build.0 = Debug|Any CPU
		{4D64CDA6-6B5A-4D43-BB8A-41298E177B9C}.Release|Any CPU.ActiveCfg = Release|Any CPU
		{4D64CDA6-6B5A-4D43-BB8A-41298E177B9C}.Release|Any CPU.Build.0 = Release|Any CPU
		{FB9FD982-CCDE-4134-A4D4-4AA6EEF5ED85}.Debug|Any CPU.ActiveCfg = Debug|Any CPU
		{FB9FD982-CCDE-4134-A4D4-4AA6EEF5ED85}.Debug|Any CPU.Build.0 = Debug|Any CPU
		{FB9FD982-CCDE-4134-A4D4-4AA6EEF5ED85}.Release|Any CPU.ActiveCfg = Release|Any CPU
		{FB9FD982-CCDE-4134-A4D4-4AA6EEF5ED85}.Release|Any CPU.Build.0 = Release|Any CPU
	EndGlobalSection
	GlobalSection(SolutionProperties) = preSolution
		HideSolutionNode = FALSE
	EndGlobalSection
	GlobalSection(ExtensibilityGlobals) = postSolution
		SolutionGuid = {AE339B50-2522-4B36-ACB2-D3588B6E09AC}
	EndGlobalSection
EndGlobal
